
Microsoft Visual Studio Solution File, Format Version 12.00
# Visual Studio Version 17
VisualStudioVersion = 17.8.34525.116
MinimumVisualStudioVersion = 10.0.40219.1
Project("{9A19103F-16F7-4668-BE54-9A1E7A4F7556}") = "Domain", "Domain\Domain.csproj", "{CE540DF2-B98D-47CF-814C-902CCA98F8EF}"
EndProject
Project("{9A19103F-16F7-4668-BE54-9A1E7A4F7556}") = "Application", "Application\Application.csproj", "{38F84895-30C8-41DC-A28C-8C9CBDE87B0C}"
	ProjectSection(ProjectDependencies) = postProject
		{CE540DF2-B98D-47CF-814C-902CCA98F8EF} = {CE540DF2-B98D-47CF-814C-902CCA98F8EF}
	EndProjectSection
EndProject
Project("{9A19103F-16F7-4668-BE54-9A1E7A4F7556}") = "Infrastructure", "Infrastructure\Infrastructure.csproj", "{D4AD3483-51F6-401E-A938-E395ACC63CFA}"
EndProject
Project("{9A19103F-16F7-4668-BE54-9A1E7A4F7556}") = "Api", "Api\Api.csproj", "{DC3BC745-6975-4EC7-9EB1-D75F84B88A9E}"
EndProject
Project("{FAE04EC0-301F-11D3-BF4B-00C04F79EFBC}") = "Test", "Test\Test.csproj", "{35393815-6B52-400E-9D1F-24403491D4A5}"
EndProject
Global
	GlobalSection(SolutionConfigurationPlatforms) = preSolution
		Debug|Any CPU = Debug|Any CPU
		Release|Any CPU = Release|Any CPU
	EndGlobalSection
	GlobalSection(ProjectConfigurationPlatforms) = postSolution
		{CE540DF2-B98D-47CF-814C-902CCA98F8EF}.Debug|Any CPU.ActiveCfg = Debug|Any CPU
		{CE540DF2-B98D-47CF-814C-902CCA98F8EF}.Debug|Any CPU.Build.0 = Debug|Any CPU
		{CE540DF2-B98D-47CF-814C-902CCA98F8EF}.Release|Any CPU.ActiveCfg = Release|Any CPU
		{CE540DF2-B98D-47CF-814C-902CCA98F8EF}.Release|Any CPU.Build.0 = Release|Any CPU
		{38F84895-30C8-41DC-A28C-8C9CBDE87B0C}.Debug|Any CPU.ActiveCfg = Debug|Any CPU
		{38F84895-30C8-41DC-A28C-8C9CBDE87B0C}.Debug|Any CPU.Build.0 = Debug|Any CPU
		{38F84895-30C8-41DC-A28C-8C9CBDE87B0C}.Release|Any CPU.ActiveCfg = Release|Any CPU
		{38F84895-30C8-41DC-A28C-8C9CBDE87B0C}.Release|Any CPU.Build.0 = Release|Any CPU
		{D4AD3483-51F6-401E-A938-E395ACC63CFA}.Debug|Any CPU.ActiveCfg = Debug|Any CPU
		{D4AD3483-51F6-401E-A938-E395ACC63CFA}.Debug|Any CPU.Build.0 = Debug|Any CPU
		{D4AD3483-51F6-401E-A938-E395ACC63CFA}.Release|Any CPU.ActiveCfg = Release|Any CPU
		{D4AD3483-51F6-401E-A938-E395ACC63CFA}.Release|Any CPU.Build.0 = Release|Any CPU
		{DC3BC745-6975-4EC7-9EB1-D75F84B88A9E}.Debug|Any CPU.ActiveCfg = Debug|Any CPU
		{DC3BC745-6975-4EC7-9EB1-D75F84B88A9E}.Debug|Any CPU.Build.0 = Debug|Any CPU
		{DC3BC745-6975-4EC7-9EB1-D75F84B88A9E}.Release|Any CPU.ActiveCfg = Release|Any CPU
		{DC3BC745-6975-4EC7-9EB1-D75F84B88A9E}.Release|Any CPU.Build.0 = Release|Any CPU
		{35393815-6B52-400E-9D1F-24403491D4A5}.Debug|Any CPU.ActiveCfg = Debug|Any CPU
		{35393815-6B52-400E-9D1F-24403491D4A5}.Debug|Any CPU.Build.0 = Debug|Any CPU
		{35393815-6B52-400E-9D1F-24403491D4A5}.Release|Any CPU.ActiveCfg = Release|Any CPU
		{35393815-6B52-400E-9D1F-24403491D4A5}.Release|Any CPU.Build.0 = Release|Any CPU
	EndGlobalSection
	GlobalSection(SolutionProperties) = preSolution
		HideSolutionNode = FALSE
	EndGlobalSection
	GlobalSection(ExtensibilityGlobals) = postSolution
		SolutionGuid = {9022EB6B-5652-48AA-80E0-EF757626A906}
	EndGlobalSection
EndGlobal
